// !$*UTF8*$!
{
	archiveVersion = 1;
	classes = {
	};
	objectVersion = 46;
	objects = {

/* Begin PBXBuildFile section */
		C33A059F1CE9947500AF181B /* main.m in Sources */ = {isa = PBXBuildFile; fileRef = C33A059E1CE9947500AF181B /* main.m */; };
		C33A05A21CE9947500AF181B /* AppDelegate.m in Sources */ = {isa = PBXBuildFile; fileRef = C33A05A11CE9947500AF181B /* AppDelegate.m */; };
		C33A05A51CE9947500AF181B /* ViewController.m in Sources */ = {isa = PBXBuildFile; fileRef = C33A05A41CE9947500AF181B /* ViewController.m */; };
		C33A05A81CE9947500AF181B /* Main.storyboard in Resources */ = {isa = PBXBuildFile; fileRef = C33A05A61CE9947500AF181B /* Main.storyboard */; };
		C33A05AA1CE9947500AF181B /* Assets.xcassets in Resources */ = {isa = PBXBuildFile; fileRef = C33A05A91CE9947500AF181B /* Assets.xcassets */; };
		C33A05AD1CE9947500AF181B /* LaunchScreen.storyboard in Resources */ = {isa = PBXBuildFile; fileRef = C33A05AB1CE9947500AF181B /* LaunchScreen.storyboard */; };
		C33A05B81CE995B800AF181B /* Calculator.m in Sources */ = {isa = PBXBuildFile; fileRef = C33A05B51CE995B800AF181B /* Calculator.m */; };
		C33A05B91CE995B800AF181B /* Fraction.m in Sources */ = {isa = PBXBuildFile; fileRef = C33A05B71CE995B800AF181B /* Fraction.m */; };
/* End PBXBuildFile section */

/* Begin PBXFileReference section */
		C33A059A1CE9947400AF181B /* FractionCalculator.app */ = {isa = PBXFileReference; explicitFileType = wrapper.application; includeInIndex = 0; path = FractionCalculator.app; sourceTree = BUILT_PRODUCTS_DIR; };
		C33A059E1CE9947500AF181B /* main.m */ = {isa = PBXFileReference; lastKnownFileType = sourcecode.c.objc; path = main.m; sourceTree = "<group>"; };
		C33A05A01CE9947500AF181B /* AppDelegate.h */ = {isa = PBXFileReference; lastKnownFileType = sourcecode.c.h; path = AppDelegate.h; sourceTree = "<group>"; };
		C33A05A11CE9947500AF181B /* AppDelegate.m */ = {isa = PBXFileReference; lastKnownFileType = sourcecode.c.objc; path = AppDelegate.m; sourceTree = "<group>"; };
		C33A05A31CE9947500AF181B /* ViewController.h */ = {isa = PBXFileReference; lastKnownFileType = sourcecode.c.h; path = ViewController.h; sourceTree = "<group>"; };
		C33A05A41CE9947500AF181B /* ViewController.m */ = {isa = PBXFileReference; lastKnownFileType = sourcecode.c.objc; path = ViewController.m; sourceTree = "<group>"; };
		C33A05A71CE9947500AF181B /* Base */ = {isa = PBXFileReference; lastKnownFileType = file.storyboard; name = Base; path = Base.lproj/Main.storyboard; sourceTree = "<group>"; };
		C33A05A91CE9947500AF181B /* Assets.xcassets */ = {isa = PBXFileReference; lastKnownFileType = folder.assetcatalog; path = Assets.xcassets; sourceTree = "<group>"; };
		C33A05AC1CE9947500AF181B /* Base */ = {isa = PBXFileReference; lastKnownFileType = file.storyboard; name = Base; path = Base.lproj/LaunchScreen.storyboard; sourceTree = "<group>"; };
		C33A05AE1CE9947500AF181B /* Info.plist */ = {isa = PBXFileReference; lastKnownFileType = text.plist.xml; path = Info.plist; sourceTree = "<group>"; };
		C33A05B41CE995B800AF181B /* Calculator.h */ = {isa = PBXFileReference; fileEncoding = 4; lastKnownFileType = sourcecode.c.h; path = Calculator.h; sourceTree = "<group>"; };
		C33A05B51CE995B800AF181B /* Calculator.m */ = {isa = PBXFileReference; fileEncoding = 4; lastKnownFileType = sourcecode.c.objc; path = Calculator.m; sourceTree = "<group>"; };
		C33A05B61CE995B800AF181B /* Fraction.h */ = {isa = PBXFileReference; fileEncoding = 4; lastKnownFileType = sourcecode.c.h; path = Fraction.h; sourceTree = "<group>"; };
		C33A05B71CE995B800AF181B /* Fraction.m */ = {isa = PBXFileReference; fileEncoding = 4; lastKnownFileType = sourcecode.c.objc; path = Fraction.m; sourceTree = "<group>"; };
/* End PBXFileReference section */

/* Begin PBXFrameworksBuildPhase section */
		C33A05971CE9947400AF181B /* Frameworks */ = {
			isa = PBXFrameworksBuildPhase;
			buildActionMask = 2147483647;
			files = (
			);
			runOnlyForDeploymentPostprocessing = 0;
		};
/* End PBXFrameworksBuildPhase section */

/* Begin PBXGroup section */
		C33A05911CE9947400AF181B = {
			isa = PBXGroup;
			children = (
				C33A059C1CE9947400AF181B /* FractionCalculator */,
				C33A059B1CE9947400AF181B /* Products */,
			);
			sourceTree = "<group>";
		};
		C33A059B1CE9947400AF181B /* Products */ = {
			isa = PBXGroup;
			children = (
				C33A059A1CE9947400AF181B /* FractionCalculator.app */,
			);
			name = Products;
			sourceTree = "<group>";
		};
		C33A059C1CE9947400AF181B /* FractionCalculator */ = {
			isa = PBXGroup;
			children = (
				C33A05B41CE995B800AF181B /* Calculator.h */,
				C33A05B51CE995B800AF181B /* Calculator.m */,
				C33A05B61CE995B800AF181B /* Fraction.h */,
				C33A05B71CE995B800AF181B /* Fraction.m */,
				C33A05A01CE9947500AF181B /* AppDelegate.h */,
				C33A05A11CE9947500AF181B /* AppDelegate.m */,
				C33A05A31CE9947500AF181B /* ViewController.h */,
				C33A05A41CE9947500AF181B /* ViewController.m */,
				C33A05A61CE9947500AF181B /* Main.storyboard */,
				C33A05A91CE9947500AF181B /* Assets.xcassets */,
				C33A05AB1CE9947500AF181B /* LaunchScreen.storyboard */,
				C33A05AE1CE9947500AF181B /* Info.plist */,
				C33A059D1CE9947400AF181B /* Supporting Files */,
			);
			path = FractionCalculator;
			sourceTree = "<group>";
		};
		C33A059D1CE9947400AF181B /* Supporting Files */ = {
			isa = PBXGroup;
			children = (
				C33A059E1CE9947500AF181B /* main.m */,
			);
			name = "Supporting Files";
			sourceTree = "<group>";
		};
/* End PBXGroup section */

/* Begin PBXNativeTarget section */
		C33A05991CE9947400AF181B /* FractionCalculator */ = {
			isa = PBXNativeTarget;
			buildConfigurationList = C33A05B11CE9947500AF181B /* Build configuration list for PBXNativeTarget "FractionCalculator" */;
			buildPhases = (
				C33A05961CE9947400AF181B /* Sources */,
				C33A05971CE9947400AF181B /* Frameworks */,
				C33A05981CE9947400AF181B /* Resources */,
			);
			buildRules = (
			);
			dependencies = (
			);
			name = FractionCalculator;
			productName = FractionCalculator;
			productReference = C33A059A1CE9947400AF181B /* FractionCalculator.app */;
			productType = "com.apple.product-type.application";
		};
/* End PBXNativeTarget section */

/* Begin PBXProject section */
		C33A05921CE9947400AF181B /* Project object */ = {
			isa = PBXProject;
			attributes = {
				LastUpgradeCheck = 0730;
				ORGANIZATIONNAME = "MF839-002";
				TargetAttributes = {
					C33A05991CE9947400AF181B = {
						CreatedOnToolsVersion = 7.3;
					};
				};
			};
			buildConfigurationList = C33A05951CE9947400AF181B /* Build configuration list for PBXProject "FractionCalculator" */;
			compatibilityVersion = "Xcode 3.2";
			developmentRegion = English;
			hasScannedForEncodings = 0;
			knownRegions = (
				en,
				Base,
			);
			mainGroup = C33A05911CE9947400AF181B;
			productRefGroup = C33A059B1CE9947400AF181B /* Products */;
			projectDirPath = "";
			projectRoot = "";
			targets = (
				C33A05991CE9947400AF181B /* FractionCalculator */,
			);
		};
/* End PBXProject section */

/* Begin PBXResourcesBuildPhase section */
		C33A05981CE9947400AF181B /* Resources */ = {
			isa = PBXResourcesBuildPhase;
			buildActionMask = 2147483647;
			files = (
				C33A05AD1CE9947500AF181B /* LaunchScreen.storyboard in Resources */,
				C33A05AA1CE9947500AF181B /* Assets.xcassets in Resources */,
				C33A05A81CE9947500AF181B /* Main.storyboard in Resources */,
			);
			runOnlyForDeploymentPostprocessing = 0;
		};
/* End PBXResourcesBuildPhase section */

/* Begin PBXSourcesBuildPhase section */
		C33A05961CE9947400AF181B /* Sources */ = {
			isa = PBXSourcesBuildPhase;
			buildActionMask = 2147483647;
			files = (
				C33A05A51CE9947500AF181B /* ViewController.m in Sources */,
				C33A05B81CE995B800AF181B /* Calculator.m in Sources */,
				C33A05A21CE9947500AF181B /* AppDelegate.m in Sources */,
				C33A059F1CE9947500AF181B /* main.m in Sources */,
				C33A05B91CE995B800AF181B /* Fraction.m in Sources */,
			);
			runOnlyForDeploymentPostprocessing = 0;
		};
/* End PBXSourcesBuildPhase section */

/* Begin PBXVariantGroup section */
		C33A05A61CE9947500AF181B /* Main.storyboard */ = {
			isa = PBXVariantGroup;
			children = (
				C33A05A71CE9947500AF181B /* Base */,
			);
			name = Main.storyboard;
			sourceTree = "<group>";
		};
		C33A05AB1CE9947500AF181B /* LaunchScreen.storyboard */ = {
			isa = PBXVariantGroup;
			children = (
				C33A05AC1CE9947500AF181B /* Base */,
			);
			name = LaunchScreen.storyboard;
			sourceTree = "<group>";
		};
/* End PBXVariantGroup section */

/* Begin XCBuildConfiguration section */
		C33A05AF1CE9947500AF181B /* Debug */ = {
			isa = XCBuildConfiguration;
			buildSettings = {
				ALWAYS_SEARCH_USER_PATHS = NO;
				CLANG_ANALYZER_NONNULL = YES;
				CLANG_CXX_LANGUAGE_STANDARD = "gnu++0x";
				CLANG_CXX_LIBRARY = "libc++";
				CLANG_ENABLE_MODULES = YES;
				CLANG_ENABLE_OBJC_ARC = YES;
				CLANG_WARN_BOOL_CONVERSION = YES;
				CLANG_WARN_CONSTANT_CONVERSION = YES;
				CLANG_WARN_DIRECT_OBJC_ISA_USAGE = YES_ERROR;
				CLANG_WARN_EMPTY_BODY = YES;
				CLANG_WARN_ENUM_CONVERSION = YES;
				CLANG_WARN_INT_CONVERSION = YES;
				CLANG_WARN_OBJC_ROOT_CLASS = YES_ERROR;
				CLANG_WARN_UNREACHABLE_CODE = YES;
				CLANG_WARN__DUPLICATE_METHOD_MATCH = YES;
				"CODE_SIGN_IDENTITY[sdk=iphoneos*]" = "iPhone Developer";
				COPY_PHASE_STRIP = NO;
				DEBUG_INFORMATION_FORMAT = dwarf;
				ENABLE_STRICT_OBJC_MSGSEND = YES;
				ENABLE_TESTABILITY = YES;
				GCC_C_LANGUAGE_STANDARD = gnu99;
				GCC_DYNAMIC_NO_PIC = NO;
				GCC_NO_COMMON_BLOCKS = YES;
				GCC_OPTIMIZATION_LEVEL = 0;
				GCC_PREPROCESSOR_DEFINITIONS = (
					"DEBUG=1",
					"$(inherited)",
				);
				GCC_WARN_64_TO_32_BIT_CONVERSION = YES;
				GCC_WARN_ABOUT_RETURN_TYPE = YES_ERROR;
				GCC_WARN_UNDECLARED_SELECTOR = YES;
				GCC_WARN_UNINITIALIZED_AUTOS = YES_AGGRESSIVE;
				GCC_WARN_UNUSED_FUNCTION = YES;
				GCC_WARN_UNUSED_VARIABLE = YES;
				IPHONEOS_DEPLOYMENT_TARGET = 9.3;
				MTL_ENABLE_DEBUG_INFO = YES;
				ONLY_ACTIVE_ARCH = YES;
				SDKROOT = iphoneos;
			};
			name = Debug;
		};
		C33A05B01CE9947500AF181B /* Release */ = {
			isa = XCBuildConfiguration;
			buildSettings = {
				ALWAYS_SEARCH_USER_PATHS = NO;
				CLANG_ANALYZER_NONNULL = YES;
				CLANG_CXX_LANGUAGE_STANDARD = "gnu++0x";
				CLANG_CXX_LIBRARY = "libc++";
				CLANG_ENABLE_MODULES = YES;
				CLANG_ENABLE_OBJC_ARC = YES;
				CLANG_WARN_BOOL_CONVERSION = YES;
				CLANG_WARN_CONSTANT_CONVERSION = YES;
				CLANG_WARN_DIRECT_OBJC_ISA_USAGE = YES_ERROR;
				CLANG_WARN_EMPTY_BODY = YES;
				CLANG_WARN_ENUM_CONVERSION = YES;
				CLANG_WARN_INT_CONVERSION = YES;
				CLANG_WARN_OBJC_ROOT_CLASS = YES_ERROR;
				CLANG_WARN_UNREACHABLE_CODE = YES;
				CLANG_WARN__DUPLICATE_METHOD_MATCH = YES;
				"CODE_SIGN_IDENTITY[sdk=iphoneos*]" = "iPhone Developer";
				COPY_PHASE_STRIP = NO;
				DEBUG_INFORMATION_FORMAT = "dwarf-with-dsym";
				ENABLE_NS_ASSERTIONS = NO;
				ENABLE_STRICT_OBJC_MSGSEND = YES;
				GCC_C_LANGUAGE_STANDARD = gnu99;
				GCC_NO_COMMON_BLOCKS = YES;
				GCC_WARN_64_TO_32_BIT_CONVERSION = YES;
				GCC_WARN_ABOUT_RETURN_TYPE = YES_ERROR;
				GCC_WARN_UNDECLARED_SELECTOR = YES;
				GCC_WARN_UNINITIALIZED_AUTOS = YES_AGGRESSIVE;
				GCC_WARN_UNUSED_FUNCTION = YES;
				GCC_WARN_UNUSED_VARIABLE = YES;
				IPHONEOS_DEPLOYMENT_TARGET = 9.3;
				MTL_ENABLE_DEBUG_INFO = NO;
				SDKROOT = iphoneos;
				VALIDATE_PRODUCT = YES;
			};
			name = Release;
		};
		C33A05B21CE9947500AF181B /* Debug */ = {
			isa = XCBuildConfiguration;
			buildSettings = {
				ASSETCATALOG_COMPILER_APPICON_NAME = AppIcon;
				INFOPLIST_FILE = FractionCalculator/Info.plist;
				LD_RUNPATH_SEARCH_PATHS = "$(inherited) @executable_path/Frameworks";
				PRODUCT_BUNDLE_IDENTIFIER = com.sds.FractionCalculator;
				PRODUCT_NAME = "$(TARGET_NAME)";
			};
			name = Debug;
		};
		C33A05B31CE9947500AF181B /* Release */ = {
			isa = XCBuildConfiguration;
			buildSettings = {
				ASSETCATALOG_COMPILER_APPICON_NAME = AppIcon;
				INFOPLIST_FILE = FractionCalculator/Info.plist;
				LD_RUNPATH_SEARCH_PATHS = "$(inherited) @executable_path/Frameworks";
				PRODUCT_BUNDLE_IDENTIFIER = com.sds.FractionCalculator;
				PRODUCT_NAME = "$(TARGET_NAME)";
			};
			name = Release;
		};
/* End XCBuildConfiguration section */

/* Begin XCConfigurationList section */
		C33A05951CE9947400AF181B /* Build configuration list for PBXProject "FractionCalculator" */ = {
			isa = XCConfigurationList;
			buildConfigurations = (
				C33A05AF1CE9947500AF181B /* Debug */,
				C33A05B01CE9947500AF181B /* Release */,
			);
			defaultConfigurationIsVisible = 0;
			defaultConfigurationName = Release;
		};
		C33A05B11CE9947500AF181B /* Build configuration list for PBXNativeTarget "FractionCalculator" */ = {
			isa = XCConfigurationList;
			buildConfigurations = (
				C33A05B21CE9947500AF181B /* Debug */,
				C33A05B31CE9947500AF181B /* Release */,
			);
			defaultConfigurationIsVisible = 0;
		};
/* End XCConfigurationList section */
	};
	rootObject = C33A05921CE9947400AF181B /* Project object */;
}
